
Microsoft Visual Studio Solution File, Format Version 12.00
# Visual Studio 15
Project("{FAE04EC0-301F-11D3-BF4B-00C04F79EFBC}") = "TUF-2000M", "TUF-2000M\TUF-2000M.csproj", "{D5FBF987-4156-4360-9200-A77210AFE711}"
EndProject
Project("{FAE04EC0-301F-11D3-BF4B-00C04F79EFBC}") = "TUF-2000M.Test", "TUF-2000M.Test\TUF-2000M.Test.csproj", "{D2E28FFD-FAD5-4120-854B-CE2F388F7111}"
EndProject
Project("{FAE04EC0-301F-11D3-BF4B-00C04F79EFBC}") = "TUF-2000M.Console", "TUF-2000M.Console\TUF-2000M.Console.csproj", "{79AA33C4-B4EC-49B7-A51B-B9CB57FB31D7}"
EndProject
Global
	GlobalSection(SolutionConfigurationPlatforms) = preSolution
		Debug|Any CPU = Debug|Any CPU
		Release|Any CPU = Release|Any CPU
	EndGlobalSection
	GlobalSection(ProjectConfigurationPlatforms) = postSolution
		{D5FBF987-4156-4360-9200-A77210AFE711}.Debug|Any CPU.ActiveCfg = Debug|Any CPU
		{D5FBF987-4156-4360-9200-A77210AFE711}.Debug|Any CPU.Build.0 = Debug|Any CPU
		{D5FBF987-4156-4360-9200-A77210AFE711}.Release|Any CPU.ActiveCfg = Release|Any CPU
		{D5FBF987-4156-4360-9200-A77210AFE711}.Release|Any CPU.Build.0 = Release|Any CPU
		{D2E28FFD-FAD5-4120-854B-CE2F388F7111}.Debug|Any CPU.ActiveCfg = Debug|Any CPU
		{D2E28FFD-FAD5-4120-854B-CE2F388F7111}.Debug|Any CPU.Build.0 = Debug|Any CPU
		{D2E28FFD-FAD5-4120-854B-CE2F388F7111}.Release|Any CPU.ActiveCfg = Release|Any CPU
		{D2E28FFD-FAD5-4120-854B-CE2F388F7111}.Release|Any CPU.Build.0 = Release|Any CPU
		{79AA33C4-B4EC-49B7-A51B-B9CB57FB31D7}.Debug|Any CPU.ActiveCfg = Debug|Any CPU
		{79AA33C4-B4EC-49B7-A51B-B9CB57FB31D7}.Debug|Any CPU.Build.0 = Debug|Any CPU
		{79AA33C4-B4EC-49B7-A51B-B9CB57FB31D7}.Release|Any CPU.ActiveCfg = Release|Any CPU
		{79AA33C4-B4EC-49B7-A51B-B9CB57FB31D7}.Release|Any CPU.Build.0 = Release|Any CPU
	EndGlobalSection
	GlobalSection(MonoDevelopProperties) = preSolution
		Policies = $0
		$0.DotNetNamingPolicy = $1
		$1.DirectoryNamespaceAssociation = PrefixedHierarchical
		$0.TextStylePolicy = $2
		$2.inheritsSet = null
		$2.scope = text/x-csharp
		$0.CSharpFormattingPolicy = $3
		$3.scope = text/x-csharp
		$0.TextStylePolicy = $4
		$4.FileWidth = 80
		$4.TabsToSpaces = True
		$4.scope = text/plain
		$0.StandardHeader = $5
		$0.VersionControlPolicy = $6
	EndGlobalSection
EndGlobal
