
Microsoft Visual Studio Solution File, Format Version 12.00
# Visual Studio 15
Project("{FAE04EC0-301F-11D3-BF4B-00C04F79EFBC}") = "TUF-2000M", "TUF-2000M\TUF-2000M.csproj", "{D5FBF987-4156-4360-9200-A77210AFE711}"
EndProject
Global
	GlobalSection(SolutionConfigurationPlatforms) = preSolution
		Debug|Any CPU = Debug|Any CPU
		Release|Any CPU = Release|Any CPU
	EndGlobalSection
	GlobalSection(ProjectConfigurationPlatforms) = postSolution
		{D5FBF987-4156-4360-9200-A77210AFE711}.Debug|Any CPU.ActiveCfg = Debug|Any CPU
		{D5FBF987-4156-4360-9200-A77210AFE711}.Debug|Any CPU.Build.0 = Debug|Any CPU
		{D5FBF987-4156-4360-9200-A77210AFE711}.Release|Any CPU.ActiveCfg = Release|Any CPU
		{D5FBF987-4156-4360-9200-A77210AFE711}.Release|Any CPU.Build.0 = Release|Any CPU
	EndGlobalSection
EndGlobal
